
Microsoft Visual Studio Solution File, Format Version 12.00
# Visual Studio Version 17
VisualStudioVersion = 17.0.31903.59
MinimumVisualStudioVersion = 10.0.40219.1
Project("{FAE04EC0-301F-11D3-BF4B-00C04F79EFBC}") = "Hyvemined.Core", "Hyvemined.Core\Hyvemined.Core.csproj", "{1F4AF7C5-62DB-4251-9B95-921413EEE099}"
EndProject
Project("{FAE04EC0-301F-11D3-BF4B-00C04F79EFBC}") = "Hyvemined.Server", "Hyvemined.Server\Hyvemined.Server.csproj", "{9CE12267-253A-4E32-8933-1B01CDA96F61}"
EndProject
Project("{FAE04EC0-301F-11D3-BF4B-00C04F79EFBC}") = "Hyvemined.CorrelationEngine", "Hyvemined.CorrelationEngine\Hyvemined.CorrelationEngine.csproj", "{C9F1A128-0035-41A5-A56F-37B8DD69F4F3}"
EndProject
Global
	GlobalSection(SolutionConfigurationPlatforms) = preSolution
		Debug|Any CPU = Debug|Any CPU
		Release|Any CPU = Release|Any CPU
	EndGlobalSection
	GlobalSection(SolutionProperties) = preSolution
		HideSolutionNode = FALSE
	EndGlobalSection
	GlobalSection(ProjectConfigurationPlatforms) = postSolution
		{1F4AF7C5-62DB-4251-9B95-921413EEE099}.Debug|Any CPU.ActiveCfg = Debug|Any CPU
		{1F4AF7C5-62DB-4251-9B95-921413EEE099}.Debug|Any CPU.Build.0 = Debug|Any CPU
		{1F4AF7C5-62DB-4251-9B95-921413EEE099}.Release|Any CPU.ActiveCfg = Release|Any CPU
		{1F4AF7C5-62DB-4251-9B95-921413EEE099}.Release|Any CPU.Build.0 = Release|Any CPU
		{9CE12267-253A-4E32-8933-1B01CDA96F61}.Debug|Any CPU.ActiveCfg = Debug|Any CPU
		{9CE12267-253A-4E32-8933-1B01CDA96F61}.Debug|Any CPU.Build.0 = Debug|Any CPU
		{9CE12267-253A-4E32-8933-1B01CDA96F61}.Release|Any CPU.ActiveCfg = Release|Any CPU
		{9CE12267-253A-4E32-8933-1B01CDA96F61}.Release|Any CPU.Build.0 = Release|Any CPU
		{C9F1A128-0035-41A5-A56F-37B8DD69F4F3}.Debug|Any CPU.ActiveCfg = Debug|Any CPU
		{C9F1A128-0035-41A5-A56F-37B8DD69F4F3}.Debug|Any CPU.Build.0 = Debug|Any CPU
		{C9F1A128-0035-41A5-A56F-37B8DD69F4F3}.Release|Any CPU.ActiveCfg = Release|Any CPU
		{C9F1A128-0035-41A5-A56F-37B8DD69F4F3}.Release|Any CPU.Build.0 = Release|Any CPU
	EndGlobalSection
EndGlobal
